
Microsoft Visual Studio Solution File, Format Version 12.00
# Visual Studio Version 16
VisualStudioVersion = 16.0.29324.140
MinimumVisualStudioVersion = 10.0.40219.1
Project("{2150E333-8FDC-42A3-9474-1A3956D46DE8}") = "01. Client", "01. Client", "{AEACAE46-939C-496D-9537-C733A9E77913}"
EndProject
Project("{2150E333-8FDC-42A3-9474-1A3956D46DE8}") = "02. Api", "02. Api", "{5B2059BD-80D7-4F1F-B1DD-AA2DABD888C4}"
EndProject
Project("{2150E333-8FDC-42A3-9474-1A3956D46DE8}") = "04. Persistence", "04. Persistence", "{B9217657-AF36-49E6-BA14-7A0A2FB698B3}"
EndProject
Project("{2150E333-8FDC-42A3-9474-1A3956D46DE8}") = "05. Model", "05. Model", "{D29738E5-67FE-4B14-9EF7-2D9FF03474DA}"
EndProject
Project("{9A19103F-16F7-4668-BE54-9A1E7A4F7556}") = "MTC.SPA.Client", "src\MTC.SPA.Client\MTC.SPA.Client.csproj", "{030953B9-FF89-427A-AA3F-902EE8BB7059}"
EndProject
Project("{9A19103F-16F7-4668-BE54-9A1E7A4F7556}") = "MTC.Core.Api", "src\MTC.Core.Api\MTC.Core.Api.csproj", "{24E7A6AA-7BA9-4F02-AB19-D9879813027A}"
EndProject
Project("{2150E333-8FDC-42A3-9474-1A3956D46DE8}") = "03. Service", "03. Service", "{8DF3D726-3734-4779-B814-E973D49437A1}"
EndProject
Project("{9A19103F-16F7-4668-BE54-9A1E7A4F7556}") = "MTC.Service", "src\MTC.Service\MTC.Service.csproj", "{D47AF5E1-4F21-4C4D-A2DA-BEE3DB18164D}"
EndProject
Project("{9A19103F-16F7-4668-BE54-9A1E7A4F7556}") = "MTC.Persistence.Database", "src\MTC.Persistence.Database\MTC.Persistence.Database.csproj", "{1B580D4A-889E-4AE4-AE41-4BE6C4FD37E4}"
EndProject
Project("{9A19103F-16F7-4668-BE54-9A1E7A4F7556}") = "MTC.Model", "src\MTC.Model\MTC.Model.csproj", "{2A137CB4-E750-4CD8-846D-DA05EAAFD6AF}"
EndProject
Project("{9A19103F-16F7-4668-BE54-9A1E7A4F7556}") = "MTC.Model.DTOs", "src\MTC.Model.DTOs\MTC.Model.DTOs.csproj", "{A75C647D-4359-448D-B358-60B0E3A144C7}"
EndProject
Project("{FAE04EC0-301F-11D3-BF4B-00C04F79EFBC}") = "MTC.SPA.TestClient", "src\MTC.SPA.TestClient\MTC.SPA.TestClient.csproj", "{184C59C2-ACE6-487E-B184-4DEDE135ED56}"
EndProject
Global
	GlobalSection(SolutionConfigurationPlatforms) = preSolution
		Debug|Any CPU = Debug|Any CPU
		Release|Any CPU = Release|Any CPU
	EndGlobalSection
	GlobalSection(ProjectConfigurationPlatforms) = postSolution
		{030953B9-FF89-427A-AA3F-902EE8BB7059}.Debug|Any CPU.ActiveCfg = Debug|Any CPU
		{030953B9-FF89-427A-AA3F-902EE8BB7059}.Debug|Any CPU.Build.0 = Debug|Any CPU
		{030953B9-FF89-427A-AA3F-902EE8BB7059}.Release|Any CPU.ActiveCfg = Release|Any CPU
		{030953B9-FF89-427A-AA3F-902EE8BB7059}.Release|Any CPU.Build.0 = Release|Any CPU
		{24E7A6AA-7BA9-4F02-AB19-D9879813027A}.Debug|Any CPU.ActiveCfg = Debug|Any CPU
		{24E7A6AA-7BA9-4F02-AB19-D9879813027A}.Debug|Any CPU.Build.0 = Debug|Any CPU
		{24E7A6AA-7BA9-4F02-AB19-D9879813027A}.Release|Any CPU.ActiveCfg = Release|Any CPU
		{24E7A6AA-7BA9-4F02-AB19-D9879813027A}.Release|Any CPU.Build.0 = Release|Any CPU
		{D47AF5E1-4F21-4C4D-A2DA-BEE3DB18164D}.Debug|Any CPU.ActiveCfg = Debug|Any CPU
		{D47AF5E1-4F21-4C4D-A2DA-BEE3DB18164D}.Debug|Any CPU.Build.0 = Debug|Any CPU
		{D47AF5E1-4F21-4C4D-A2DA-BEE3DB18164D}.Release|Any CPU.ActiveCfg = Release|Any CPU
		{D47AF5E1-4F21-4C4D-A2DA-BEE3DB18164D}.Release|Any CPU.Build.0 = Release|Any CPU
		{1B580D4A-889E-4AE4-AE41-4BE6C4FD37E4}.Debug|Any CPU.ActiveCfg = Debug|Any CPU
		{1B580D4A-889E-4AE4-AE41-4BE6C4FD37E4}.Debug|Any CPU.Build.0 = Debug|Any CPU
		{1B580D4A-889E-4AE4-AE41-4BE6C4FD37E4}.Release|Any CPU.ActiveCfg = Release|Any CPU
		{1B580D4A-889E-4AE4-AE41-4BE6C4FD37E4}.Release|Any CPU.Build.0 = Release|Any CPU
		{2A137CB4-E750-4CD8-846D-DA05EAAFD6AF}.Debug|Any CPU.ActiveCfg = Debug|Any CPU
		{2A137CB4-E750-4CD8-846D-DA05EAAFD6AF}.Debug|Any CPU.Build.0 = Debug|Any CPU
		{2A137CB4-E750-4CD8-846D-DA05EAAFD6AF}.Release|Any CPU.ActiveCfg = Release|Any CPU
		{2A137CB4-E750-4CD8-846D-DA05EAAFD6AF}.Release|Any CPU.Build.0 = Release|Any CPU
		{A75C647D-4359-448D-B358-60B0E3A144C7}.Debug|Any CPU.ActiveCfg = Debug|Any CPU
		{A75C647D-4359-448D-B358-60B0E3A144C7}.Debug|Any CPU.Build.0 = Debug|Any CPU
		{A75C647D-4359-448D-B358-60B0E3A144C7}.Release|Any CPU.ActiveCfg = Release|Any CPU
		{A75C647D-4359-448D-B358-60B0E3A144C7}.Release|Any CPU.Build.0 = Release|Any CPU
		{184C59C2-ACE6-487E-B184-4DEDE135ED56}.Debug|Any CPU.ActiveCfg = Debug|Any CPU
		{184C59C2-ACE6-487E-B184-4DEDE135ED56}.Debug|Any CPU.Build.0 = Debug|Any CPU
		{184C59C2-ACE6-487E-B184-4DEDE135ED56}.Release|Any CPU.ActiveCfg = Release|Any CPU
		{184C59C2-ACE6-487E-B184-4DEDE135ED56}.Release|Any CPU.Build.0 = Release|Any CPU
	EndGlobalSection
	GlobalSection(SolutionProperties) = preSolution
		HideSolutionNode = FALSE
	EndGlobalSection
	GlobalSection(NestedProjects) = preSolution
		{030953B9-FF89-427A-AA3F-902EE8BB7059} = {AEACAE46-939C-496D-9537-C733A9E77913}
		{24E7A6AA-7BA9-4F02-AB19-D9879813027A} = {5B2059BD-80D7-4F1F-B1DD-AA2DABD888C4}
		{D47AF5E1-4F21-4C4D-A2DA-BEE3DB18164D} = {8DF3D726-3734-4779-B814-E973D49437A1}
		{1B580D4A-889E-4AE4-AE41-4BE6C4FD37E4} = {B9217657-AF36-49E6-BA14-7A0A2FB698B3}
		{2A137CB4-E750-4CD8-846D-DA05EAAFD6AF} = {D29738E5-67FE-4B14-9EF7-2D9FF03474DA}
		{A75C647D-4359-448D-B358-60B0E3A144C7} = {D29738E5-67FE-4B14-9EF7-2D9FF03474DA}
		{184C59C2-ACE6-487E-B184-4DEDE135ED56} = {AEACAE46-939C-496D-9537-C733A9E77913}
	EndGlobalSection
	GlobalSection(ExtensibilityGlobals) = postSolution
		SolutionGuid = {92B0C2C5-1B4C-42AC-9D60-9C4971ACD512}
	EndGlobalSection
EndGlobal
